
Microsoft Visual Studio Solution File, Format Version 12.00
# Visual Studio Version 16
VisualStudioVersion = 16.0.33328.57
MinimumVisualStudioVersion = 10.0.40219.1
Project("{FAE04EC0-301F-11D3-BF4B-00C04F79EFBC}") = "Pcmarket", "Pcmarket.csproj", "{646C9674-4D16-4D42-B954-8E91F815ED5D}"
EndProject
Project("{2150E333-8FDC-42A3-9474-1A3956D46DE8}") = "Domain", "Domain", "{595CF623-2837-41AD-A6F6-30E36D796FF3}"
EndProject
Project("{FAE04EC0-301F-11D3-BF4B-00C04F79EFBC}") = "Lymus-Domain", "..\Lymus-Domain\Lymus-Domain.csproj", "{1EE93A5F-BDC7-49AC-834B-6D3677F7DB98}"
EndProject
Global
	GlobalSection(SolutionConfigurationPlatforms) = preSolution
		Debug|Any CPU = Debug|Any CPU
		Release|Any CPU = Release|Any CPU
	EndGlobalSection
	GlobalSection(ProjectConfigurationPlatforms) = postSolution
		{646C9674-4D16-4D42-B954-8E91F815ED5D}.Debug|Any CPU.ActiveCfg = Debug|Any CPU
		{646C9674-4D16-4D42-B954-8E91F815ED5D}.Debug|Any CPU.Build.0 = Debug|Any CPU
		{646C9674-4D16-4D42-B954-8E91F815ED5D}.Release|Any CPU.ActiveCfg = Release|Any CPU
		{646C9674-4D16-4D42-B954-8E91F815ED5D}.Release|Any CPU.Build.0 = Release|Any CPU
		{1EE93A5F-BDC7-49AC-834B-6D3677F7DB98}.Debug|Any CPU.ActiveCfg = Debug|Any CPU
		{1EE93A5F-BDC7-49AC-834B-6D3677F7DB98}.Debug|Any CPU.Build.0 = Debug|Any CPU
		{1EE93A5F-BDC7-49AC-834B-6D3677F7DB98}.Release|Any CPU.ActiveCfg = Release|Any CPU
		{1EE93A5F-BDC7-49AC-834B-6D3677F7DB98}.Release|Any CPU.Build.0 = Release|Any CPU
	EndGlobalSection
	GlobalSection(SolutionProperties) = preSolution
		HideSolutionNode = FALSE
	EndGlobalSection
	GlobalSection(NestedProjects) = preSolution
		{1EE93A5F-BDC7-49AC-834B-6D3677F7DB98} = {595CF623-2837-41AD-A6F6-30E36D796FF3}
	EndGlobalSection
	GlobalSection(ExtensibilityGlobals) = postSolution
		SolutionGuid = {2270E1A1-BF25-4249-BAC1-F1C27CE0606C}
	EndGlobalSection
EndGlobal
